schema: '2.0'
stages:
  data_ingestion:
    cmd: python src/data_ingestion.py
    deps:
    - path: src/data_ingestion.py
      hash: md5
      md5: a48c92bdfa1d48e12d6eef6895c77989
      size: 3675
    params:
      params.yaml:
        data_ingestion.test_size: 0.15
    outs:
    - path: data/raw
      hash: md5
      md5: a15ba66afdf82f8659b031b175286ed3.dir
      size: 484846
      nfiles: 2
  data_preprocessing:
    cmd: python src/data_preprocessing.py
    deps:
    - path: data/raw
      hash: md5
      md5: a15ba66afdf82f8659b031b175286ed3.dir
      size: 484846
      nfiles: 2
    - path: src/data_preprocessing.py
      hash: md5
      md5: f7b3c98e6261c16a961ad308ce589d9c
      size: 4255
    outs:
    - path: data/interim
      hash: md5
      md5: 60a6fff4e80508df65a68e383fa2725e.dir
      size: 259164
      nfiles: 2
  feature_engineering:
    cmd: python src/feature_engineering.py
    deps:
    - path: data/interim
      hash: md5
      md5: 60a6fff4e80508df65a68e383fa2725e.dir
      size: 259164
      nfiles: 2
    - path: src/feature_engineering.py
      hash: md5
      md5: ae3ef936b4f5688c2a3a1cd48545b986
      size: 3918
    params:
      params.yaml:
        feature_engineering.max_features: 3545
    outs:
    - path: data/processed
      hash: md5
      md5: 6789fea5b46555e28addc685c938b8db.dir
      size: 74961918
      nfiles: 2
  model_building:
    cmd: python src/model_building.py
    deps:
    - path: data/processed
      hash: md5
      md5: 6789fea5b46555e28addc685c938b8db.dir
      size: 74961918
      nfiles: 2
    - path: src/model_building.py
      hash: md5
      md5: f04173b5bd39515c5b13430b4475cf46
      size: 4511
    params:
      params.yaml:
        model_building.n_estimators: 25
        model_building.random_state: 2
    outs:
    - path: models/model.pkl
      hash: md5
      md5: 6225cd48c6210e5e1d6d025b7b9d2c0d
      size: 2165194
  model_evaluation:
    cmd: python src/model_evaluation.py
    deps:
    - path: models/model.pkl
      hash: md5
      md5: 6225cd48c6210e5e1d6d025b7b9d2c0d
      size: 2165194
    - path: src/model_evaluation.py
      hash: md5
      md5: 17ddadeb40f923eddafdab797f44a37a
      size: 4671
    outs:
    - path: reports/metrics.json
      hash: md5
      md5: 5cfc571ebbe9fc6c8fb1f94a776fac63
      size: 145
